
Microsoft Visual Studio Solution File, Format Version 12.00
# Visual Studio Version 17
VisualStudioVersion = 17.9.34607.119
MinimumVisualStudioVersion = 10.0.40219.1
Project("{8BC9CEB8-8B4A-11D0-8D11-00A0C91BC942}") = "Pr2", "Pr2.vcxproj", "{EB799E9C-30FA-485D-A52E-EFBAB27450AA}"
EndProject
Global
	GlobalSection(SolutionConfigurationPlatforms) = preSolution
		Debug|x64 = Debug|x64
		Debug|x86 = Debug|x86
		Release|x64 = Release|x64
		Release|x86 = Release|x86
	EndGlobalSection
	GlobalSection(ProjectConfigurationPlatforms) = postSolution
		{EB799E9C-30FA-485D-A52E-EFBAB27450AA}.Debug|x64.ActiveCfg = Debug|x64
		{EB799E9C-30FA-485D-A52E-EFBAB27450AA}.Debug|x64.Build.0 = Debug|x64
		{EB799E9C-30FA-485D-A52E-EFBAB27450AA}.Debug|x86.ActiveCfg = Debug|Win32
		{EB799E9C-30FA-485D-A52E-EFBAB27450AA}.Debug|x86.Build.0 = Debug|Win32
		{EB799E9C-30FA-485D-A52E-EFBAB27450AA}.Release|x64.ActiveCfg = Release|x64
		{EB799E9C-30FA-485D-A52E-EFBAB27450AA}.Release|x64.Build.0 = Release|x64
		{EB799E9C-30FA-485D-A52E-EFBAB27450AA}.Release|x86.ActiveCfg = Release|Win32
		{EB799E9C-30FA-485D-A52E-EFBAB27450AA}.Release|x86.Build.0 = Release|Win32
	EndGlobalSection
	GlobalSection(SolutionProperties) = preSolution
		HideSolutionNode = FALSE
	EndGlobalSection
	GlobalSection(ExtensibilityGlobals) = postSolution
		SolutionGuid = {ABCD51AC-CE80-440F-A481-1D16F4D26B9E}
	EndGlobalSection
EndGlobal
